
Microsoft Visual Studio Solution File, Format Version 12.00
# Visual Studio Version 16
VisualStudioVersion = 16.0.32929.386
MinimumVisualStudioVersion = 10.0.40219.1
Project("{FAE04EC0-301F-11D3-BF4B-00C04F79EFBC}") = "CheckTests", "WF template for me\CheckTests.csproj", "{1BB3B626-DE39-44F5-B10B-AE3635ACE047}"
EndProject
Project("{FAE04EC0-301F-11D3-BF4B-00C04F79EFBC}") = "Basic_project___serialization_and_console.Test_Forms", "WF_template_for_me.Test_Forms\Basic_project___serialization_and_console.Test_Forms.csproj", "{3F78AA20-96CA-4806-A3A6-DBDB99F212EC}"
EndProject
Project("{2150E333-8FDC-42A3-9474-1A3956D46DE8}") = "Tests", "Tests", "{A8201326-4761-4A08-AD9C-1DCEB13A94A9}"
	ProjectSection(SolutionItems) = preProject
		WF template for me\ExcelHelper.cs = WF template for me\ExcelHelper.cs
	EndProjectSection
EndProject
Global
	GlobalSection(SolutionConfigurationPlatforms) = preSolution
		Debug|Any CPU = Debug|Any CPU
		Release|Any CPU = Release|Any CPU
	EndGlobalSection
	GlobalSection(ProjectConfigurationPlatforms) = postSolution
		{1BB3B626-DE39-44F5-B10B-AE3635ACE047}.Debug|Any CPU.ActiveCfg = Debug|Any CPU
		{1BB3B626-DE39-44F5-B10B-AE3635ACE047}.Debug|Any CPU.Build.0 = Debug|Any CPU
		{1BB3B626-DE39-44F5-B10B-AE3635ACE047}.Release|Any CPU.ActiveCfg = Release|Any CPU
		{1BB3B626-DE39-44F5-B10B-AE3635ACE047}.Release|Any CPU.Build.0 = Release|Any CPU
		{3F78AA20-96CA-4806-A3A6-DBDB99F212EC}.Debug|Any CPU.ActiveCfg = Debug|Any CPU
		{3F78AA20-96CA-4806-A3A6-DBDB99F212EC}.Debug|Any CPU.Build.0 = Debug|Any CPU
		{3F78AA20-96CA-4806-A3A6-DBDB99F212EC}.Release|Any CPU.ActiveCfg = Release|Any CPU
		{3F78AA20-96CA-4806-A3A6-DBDB99F212EC}.Release|Any CPU.Build.0 = Release|Any CPU
	EndGlobalSection
	GlobalSection(SolutionProperties) = preSolution
		HideSolutionNode = FALSE
	EndGlobalSection
	GlobalSection(NestedProjects) = preSolution
		{3F78AA20-96CA-4806-A3A6-DBDB99F212EC} = {A8201326-4761-4A08-AD9C-1DCEB13A94A9}
	EndGlobalSection
	GlobalSection(ExtensibilityGlobals) = postSolution
		SolutionGuid = {4CE20474-8BE4-48BD-821E-1D56C388C9E7}
	EndGlobalSection
EndGlobal
